
Microsoft Visual Studio Solution File, Format Version 12.00
# Visual Studio Version 16
VisualStudioVersion = 16.0.29326.143
MinimumVisualStudioVersion = 10.0.40219.1
Project("{9A19103F-16F7-4668-BE54-9A1E7A4F7556}") = "api", "api.csproj", "{42BC5763-AFE0-41AA-B908-B76D10E38492}"
EndProject
Global
	GlobalSection(SolutionConfigurationPlatforms) = preSolution
		Debug|Any CPU = Debug|Any CPU
		Release|Any CPU = Release|Any CPU
	EndGlobalSection
	GlobalSection(ProjectConfigurationPlatforms) = postSolution
		{42BC5763-AFE0-41AA-B908-B76D10E38492}.Debug|Any CPU.ActiveCfg = Debug|Any CPU
		{42BC5763-AFE0-41AA-B908-B76D10E38492}.Debug|Any CPU.Build.0 = Debug|Any CPU
		{42BC5763-AFE0-41AA-B908-B76D10E38492}.Release|Any CPU.ActiveCfg = Release|Any CPU
		{42BC5763-AFE0-41AA-B908-B76D10E38492}.Release|Any CPU.Build.0 = Release|Any CPU
	EndGlobalSection
	GlobalSection(SolutionProperties) = preSolution
		HideSolutionNode = FALSE
	EndGlobalSection
	GlobalSection(ExtensibilityGlobals) = postSolution
		SolutionGuid = {7BE934E2-E078-4BC2-BB33-57556C55AF44}
	EndGlobalSection
EndGlobal
